<?xml version="1.0" encoding="utf-8"?>
<Project ToolsVersion="4.0" xmlns="http://schemas.microsoft.com/developer/msbuild/2003">
  <ItemGroup>
    <Filter Include="Source Files">
      <UniqueIdentifier>{4FC737F1-C7A5-4376-A066-2A32D752A2FF}</UniqueIdentifier>
      <Extensions>cpp;c;cc;cxx;c++;cppm;ixx;def;odl;idl;hpj;bat;asm;asmx</Extensions>
    </Filter>
    <Filter Include="Header Files">
      <UniqueIdentifier>{93995380-89BD-4b04-88EB-625FBE52EBFB}</UniqueIdentifier>
      <Extensions>h;hh;hpp;hxx;h++;hm;inl;inc;ipp;xsd</Extensions>
    </Filter>
    <Filter Include="Resource Files">
      <UniqueIdentifier>{67DA6AB6-F800-4c08-8B7A-83BB121AAD01}</UniqueIdentifier>
      <Extensions>rc;ico;cur;bmp;dlg;rc2;rct;bin;rgs;gif;jpg;jpeg;jpe;resx;tiff;tif;png;wav;mfcribbon-ms</Extensions>
    </Filter>
    <Filter Include="Source Files\scenes">
      <UniqueIdentifier>{d06a26c6-3092-4d0e-8269-594c23c0bcb2}</UniqueIdentifier>
    </Filter>
    <Filter Include="Header Files\scenes">
      <UniqueIdentifier>{a9cf7829-ccc3-4a94-8d1a-e58db95b1926}</UniqueIdentifier>
    </Filter>
    <Filter Include="Header Files\helper">
      <UniqueIdentifier>{20ececf5-25a7-4807-9c0e-ed01c7ababa7}</UniqueIdentifier>
    </Filter>
    <Filter Include="Source Files\helper">
      <UniqueIdentifier>{e0c8d40b-c96e-4ad2-bfff-f4f3d2bb7215}</UniqueIdentifier>
    </Filter>
    <Filter Include="Header Files\shaders">
      <UniqueIdentifier>{b56418b1-4dc9-41e8-be5f-451ea7ea634e}</UniqueIdentifier>
    </Filter>
    <Filter Include="Source Files\shaders">
      <UniqueIdentifier>{214d3484-414b-4691-9439-d03eefa6d646}</UniqueIdentifier>
    </Filter>
    <Filter Include="Header Files\effects">
      <UniqueIdentifier>{8d1cc99f-6608-412a-b423-6ebbdb4593a0}</UniqueIdentifier>
    </Filter>
    <Filter Include="Source Files\effects">
      <UniqueIdentifier>{ed03f038-10f9-40af-a9f1-4557064316c5}</UniqueIdentifier>
    </Filter>
  </ItemGroup>
  <ItemGroup>
    <ClCompile Include="src\main.cpp">
      <Filter>Source Files</Filter>
    </ClCompile>
    <ClCompile Include="src\scene-marbles.cpp">
      <Filter>Source Files\scenes</Filter>
    </ClCompile>
    <ClCompile Include="src\helper.cpp">
      <Filter>Source Files\helper</Filter>
    </ClCompile>
    <ClCompile Include="src\scene.cpp">
      <Filter>Source Files\helper</Filter>
    </ClCompile>
    <ClCompile Include="src\logger.cpp">
      <Filter>Source Files\helper</Filter>
    </ClCompile>
    <ClCompile Include="src\material.cpp">
      <Filter>Source Files\helper</Filter>
    </ClCompile>
    <ClCompile Include="src\primitives.cpp">
      <Filter>Source Files\helper</Filter>
    </ClCompile>
    <ClCompile Include="src\PBRShader.cpp">
      <Filter>Source Files\shaders</Filter>
    </ClCompile>
    <ClCompile Include="src\shader.cpp">
      <Filter>Source Files\helper</Filter>
    </ClCompile>
    <ClCompile Include="src\ColorShader.cpp">
      <Filter>Source Files\shaders</Filter>
    </ClCompile>
    <ClCompile Include="src\ParticleSystem.cpp">
      <Filter>Source Files\effects</Filter>
    </ClCompile>
    <ClCompile Include="src\ParticleShader.cpp">
      <Filter>Source Files\shaders</Filter>
    </ClCompile>
    <ClCompile Include="src\camera.cpp">
      <Filter>Source Files\helper</Filter>
    </ClCompile>
    <ClCompile Include="src\model.cpp">
      <Filter>Source Files\helper</Filter>
    </ClCompile>
    <ClCompile Include="src\TextureShader.cpp">
      <Filter>Source Files\shaders</Filter>
    </ClCompile>
    <ClCompile Include="src\rigidBody.cpp">
      <Filter>Source Files\helper</Filter>
    </ClCompile>
    <ClCompile Include="src\audio.cpp">
      <Filter>Source Files\helper</Filter>
    </ClCompile>
    <ClCompile Include="src\framebuffer.cpp">
      <Filter>Source Files\helper</Filter>
    </ClCompile>
    <ClCompile Include="src\BlurShader.cpp">
      <Filter>Source Files\shaders</Filter>
    </ClCompile>
    <ClCompile Include="src\BloomShader.cpp">
      <Filter>Source Files\shaders</Filter>
    </ClCompile>
    <ClCompile Include="src\letters.cpp">
      <Filter>Source Files\helper</Filter>
    </ClCompile>
    <ClCompile Include="src\scene-intro.cpp">
      <Filter>Source Files\scenes</Filter>
    </ClCompile>
  </ItemGroup>
  <ItemGroup>
    <ResourceCompile Include="res\main.rc">
      <Filter>Resource Files</Filter>
    </ResourceCompile>
  </ItemGroup>
  <ItemGroup>
    <ClInclude Include="inc\main.h">
      <Filter>Header Files</Filter>
    </ClInclude>
    <ClInclude Include="inc\vmath.h">
      <Filter>Header Files</Filter>
    </ClInclude>
    <ClInclude Include="inc\scene-marbles.h">
      <Filter>Header Files\scenes</Filter>
    </ClInclude>
    <ClInclude Include="inc\helper.h">
      <Filter>Header Files\helper</Filter>
    </ClInclude>
    <ClInclude Include="inc\scene.h">
      <Filter>Header Files\helper</Filter>
    </ClInclude>
    <ClInclude Include="inc\logger.h">
      <Filter>Header Files\helper</Filter>
    </ClInclude>
    <ClInclude Include="inc\material.h">
      <Filter>Header Files\helper</Filter>
    </ClInclude>
    <ClInclude Include="inc\stb_image.h">
      <Filter>Header Files</Filter>
    </ClInclude>
    <ClInclude Include="inc\primitives.h">
      <Filter>Header Files\helper</Filter>
    </ClInclude>
    <ClInclude Include="inc\material.h">
      <Filter>Header Files\helper</Filter>
    </ClInclude>
    <ClInclude Include="inc\stb_image.h">
      <Filter>Header Files</Filter>
    </ClInclude>
    <ClInclude Include="inc\primitives.h">
      <Filter>Header Files\helper</Filter>
    </ClInclude>
    <ClInclude Include="inc\PBRShader.h">
      <Filter>Header Files\shaders</Filter>
    </ClInclude>
    <ClInclude Include="inc\shader.h">
      <Filter>Header Files\helper</Filter>
    </ClInclude>
    <ClInclude Include="inc\ColorShader.h">
      <Filter>Header Files\shaders</Filter>
    </ClInclude>
    <ClInclude Include="inc\ParticleSystem.h">
      <Filter>Header Files\effects</Filter>
    </ClInclude>
    <ClInclude Include="inc\ParticleShader.h">
      <Filter>Header Files\shaders</Filter>
    </ClInclude>
    <ClInclude Include="inc\camera.h">
      <Filter>Header Files\helper</Filter>
    </ClInclude>
    <ClInclude Include="inc\model.h">
      <Filter>Header Files\helper</Filter>
    </ClInclude>
    <ClInclude Include="inc\TextureShader.h">
      <Filter>Header Files\shaders</Filter>
    </ClInclude>
    <ClInclude Include="inc\rigidBody.h">
      <Filter>Header Files\helper</Filter>
    </ClInclude>
    <ClInclude Include="inc\audio.h">
      <Filter>Header Files\helper</Filter>
    </ClInclude>
    <ClInclude Include="inc\framebuffer.h">
      <Filter>Header Files\helper</Filter>
    </ClInclude>
    <ClInclude Include="inc\BlurShader.h">
      <Filter>Header Files\shaders</Filter>
    </ClInclude>
    <ClInclude Include="inc\BloomShader.h">
      <Filter>Header Files\shaders</Filter>
    </ClInclude>
    <ClInclude Include="inc\letters.h">
      <Filter>Header Files\helper</Filter>
    </ClInclude>
    <ClInclude Include="inc\scene-intro.h">
      <Filter>Header Files\scenes</Filter>
    </ClInclude>
  </ItemGroup>
  <ItemGroup>
    <Image Include="res\icon.ico">
      <Filter>Resource Files</Filter>
    </Image>
  </ItemGroup>
  <ItemGroup>
    <CopyFileToFolders Include="res\DOWNLOAD_RES_FROM_HERE.txt">
      <Filter>Resource Files</Filter>
    </CopyFileToFolders>
  </ItemGroup>
</Project>